
Microsoft Visual Studio Solution File, Format Version 12.00
# Visual Studio Version 17
VisualStudioVersion = 17.0.31903.59
MinimumVisualStudioVersion = 10.0.40219.1
Project("{2150E333-8FDC-42A3-9474-1A3956D46DE8}") = "Serveur", "Serveur", "{12C676B5-7C88-4E86-8063-781F6AF43CC7}"
	ProjectSection(SolutionItems) = preProject
		requettes.http = requettes.http
	EndProjectSection
EndProject
Project("{FAE04EC0-301F-11D3-BF4B-00C04F79EFBC}") = "serveur.api", "Serveur\serveur.api\serveur.api.csproj", "{F26DB744-1D61-4886-875C-3B0268FCD3F6}"
EndProject
Global
	GlobalSection(SolutionConfigurationPlatforms) = preSolution
		Debug|Any CPU = Debug|Any CPU
		Release|Any CPU = Release|Any CPU
	EndGlobalSection
	GlobalSection(ProjectConfigurationPlatforms) = postSolution
		{F26DB744-1D61-4886-875C-3B0268FCD3F6}.Debug|Any CPU.ActiveCfg = Debug|Any CPU
		{F26DB744-1D61-4886-875C-3B0268FCD3F6}.Debug|Any CPU.Build.0 = Debug|Any CPU
		{F26DB744-1D61-4886-875C-3B0268FCD3F6}.Release|Any CPU.ActiveCfg = Release|Any CPU
		{F26DB744-1D61-4886-875C-3B0268FCD3F6}.Release|Any CPU.Build.0 = Release|Any CPU
	EndGlobalSection
	GlobalSection(SolutionProperties) = preSolution
		HideSolutionNode = FALSE
	EndGlobalSection
	GlobalSection(NestedProjects) = preSolution
		{F26DB744-1D61-4886-875C-3B0268FCD3F6} = {12C676B5-7C88-4E86-8063-781F6AF43CC7}
	EndGlobalSection
EndGlobal
